
Microsoft Visual Studio Solution File, Format Version 12.00
# Visual Studio Version 17
VisualStudioVersion = 17.5.33627.172
MinimumVisualStudioVersion = 10.0.40219.1
Project("{9A19103F-16F7-4668-BE54-9A1E7A4F7556}") = "MagicVilla_VillaAPI", "MagicVilla_VillaAPI\MagicVilla_VillaAPI.csproj", "{4333059E-0DFA-4440-9A41-19396DC8D06C}"
EndProject
Project("{FAE04EC0-301F-11D3-BF4B-00C04F79EFBC}") = "MagicVilla_Web", "MagicVilla_Web\MagicVilla_Web.csproj", "{6FA1F471-BEDD-46D0-88DA-AA347EA109FB}"
EndProject
Project("{FAE04EC0-301F-11D3-BF4B-00C04F79EFBC}") = "MagicVilla_Utility", "MagicVilla_Utility\MagicVilla_Utility.csproj", "{6B639493-7148-4EEA-9990-17A35002D347}"
EndProject
Global
	GlobalSection(SolutionConfigurationPlatforms) = preSolution
		Debug|Any CPU = Debug|Any CPU
		Release|Any CPU = Release|Any CPU
	EndGlobalSection
	GlobalSection(ProjectConfigurationPlatforms) = postSolution
		{4333059E-0DFA-4440-9A41-19396DC8D06C}.Debug|Any CPU.ActiveCfg = Debug|Any CPU
		{4333059E-0DFA-4440-9A41-19396DC8D06C}.Debug|Any CPU.Build.0 = Debug|Any CPU
		{4333059E-0DFA-4440-9A41-19396DC8D06C}.Release|Any CPU.ActiveCfg = Release|Any CPU
		{4333059E-0DFA-4440-9A41-19396DC8D06C}.Release|Any CPU.Build.0 = Release|Any CPU
		{6FA1F471-BEDD-46D0-88DA-AA347EA109FB}.Debug|Any CPU.ActiveCfg = Debug|Any CPU
		{6FA1F471-BEDD-46D0-88DA-AA347EA109FB}.Debug|Any CPU.Build.0 = Debug|Any CPU
		{6FA1F471-BEDD-46D0-88DA-AA347EA109FB}.Release|Any CPU.ActiveCfg = Release|Any CPU
		{6FA1F471-BEDD-46D0-88DA-AA347EA109FB}.Release|Any CPU.Build.0 = Release|Any CPU
		{6B639493-7148-4EEA-9990-17A35002D347}.Debug|Any CPU.ActiveCfg = Debug|Any CPU
		{6B639493-7148-4EEA-9990-17A35002D347}.Debug|Any CPU.Build.0 = Debug|Any CPU
		{6B639493-7148-4EEA-9990-17A35002D347}.Release|Any CPU.ActiveCfg = Release|Any CPU
		{6B639493-7148-4EEA-9990-17A35002D347}.Release|Any CPU.Build.0 = Release|Any CPU
	EndGlobalSection
	GlobalSection(SolutionProperties) = preSolution
		HideSolutionNode = FALSE
	EndGlobalSection
	GlobalSection(ExtensibilityGlobals) = postSolution
		SolutionGuid = {F996F397-48DB-441F-A48D-16176D236DBA}
	EndGlobalSection
EndGlobal
